
Microsoft Visual Studio Solution File, Format Version 12.00
# Visual Studio 15
VisualStudioVersion = 15.0.27130.2024
MinimumVisualStudioVersion = 10.0.40219.1
Project("{F184B08F-C81C-45F6-A57F-5ABD9991F28F}") = "Lab03-States", "Lab03-States\Lab03-States.vbproj", "{0C4B778D-ECC8-4A84-AADD-C68990DABDDD}"
EndProject
Global
	GlobalSection(SolutionConfigurationPlatforms) = preSolution
		Debug|Any CPU = Debug|Any CPU
		Release|Any CPU = Release|Any CPU
	EndGlobalSection
	GlobalSection(ProjectConfigurationPlatforms) = postSolution
		{0C4B778D-ECC8-4A84-AADD-C68990DABDDD}.Debug|Any CPU.ActiveCfg = Debug|Any CPU
		{0C4B778D-ECC8-4A84-AADD-C68990DABDDD}.Debug|Any CPU.Build.0 = Debug|Any CPU
		{0C4B778D-ECC8-4A84-AADD-C68990DABDDD}.Release|Any CPU.ActiveCfg = Release|Any CPU
		{0C4B778D-ECC8-4A84-AADD-C68990DABDDD}.Release|Any CPU.Build.0 = Release|Any CPU
	EndGlobalSection
	GlobalSection(SolutionProperties) = preSolution
		HideSolutionNode = FALSE
	EndGlobalSection
	GlobalSection(ExtensibilityGlobals) = postSolution
		SolutionGuid = {48D9501D-9553-41C6-AA9B-7D5B4C0713E4}
	EndGlobalSection
EndGlobal
