
Microsoft Visual Studio Solution File, Format Version 12.00
# Visual Studio 15
VisualStudioVersion = 15.0.27130.2024
MinimumVisualStudioVersion = 10.0.40219.1
Project("{F184B08F-C81C-45F6-A57F-5ABD9991F28F}") = "Lab10-KayakBrowser", "Lab10-KayakBrowser\Lab10-KayakBrowser.vbproj", "{60D1E0C8-99C0-46C1-B02C-E717AA2FF969}"
EndProject
Global
	GlobalSection(SolutionConfigurationPlatforms) = preSolution
		Debug|Any CPU = Debug|Any CPU
		Release|Any CPU = Release|Any CPU
	EndGlobalSection
	GlobalSection(ProjectConfigurationPlatforms) = postSolution
		{60D1E0C8-99C0-46C1-B02C-E717AA2FF969}.Debug|Any CPU.ActiveCfg = Debug|Any CPU
		{60D1E0C8-99C0-46C1-B02C-E717AA2FF969}.Debug|Any CPU.Build.0 = Debug|Any CPU
		{60D1E0C8-99C0-46C1-B02C-E717AA2FF969}.Release|Any CPU.ActiveCfg = Release|Any CPU
		{60D1E0C8-99C0-46C1-B02C-E717AA2FF969}.Release|Any CPU.Build.0 = Release|Any CPU
	EndGlobalSection
	GlobalSection(SolutionProperties) = preSolution
		HideSolutionNode = FALSE
	EndGlobalSection
	GlobalSection(ExtensibilityGlobals) = postSolution
		SolutionGuid = {E60EA10E-3EF2-477C-B09F-2F0992A2DAF3}
	EndGlobalSection
EndGlobal
